{
  "object": {
    "pins": [
      {
        "package": "CollectionConcurrencyKit",
        "repositoryURL": "https://github.com/JohnSundell/CollectionConcurrencyKit.git",
        "state": {
          "branch": null,
          "revision": "b4f23e24b5a1bff301efc5e70871083ca029ff95",
          "version": "0.2.0"
        }
      },
      {
        "package": "CryptoSwift",
        "repositoryURL": "https://github.com/krzyzanowskim/CryptoSwift.git",
        "state": {
          "branch": null,
          "revision": "729e01bc9b9dab466ac85f21fb9ee2bc1c61b258",
          "version": "1.8.4"
        }
      },
      {
        "package": "SourceKitten",
        "repositoryURL": "https://github.com/jpsim/SourceKitten.git",
        "state": {
          "branch": null,
          "revision": "eb6656ed26bdef967ad8d07c27e2eab34dc582f2",
          "version": "0.37.0"
        }
      },
      {
        "package": "swift-argument-parser",
        "repositoryURL": "https://github.com/apple/swift-argument-parser.git",
        "state": {
          "branch": null,
          "revision": "fee6933f37fde9a5e12a1e4aeaa93fe60116ff2a",
          "version": "1.2.2"
        }
      },
      {
        "package": "swift-syntax",
        "repositoryURL": "https://github.com/swiftlang/swift-syntax.git",
        "state": {
          "branch": null,
          "revision": "1103c45ece4f7fe160b8f75b4ea1ee2e5fac1841",
          "version": "601.0.0"
        }
      },
      {
        "package": "SwiftLint",
        "repositoryURL": "https://github.com/Realm/SwiftLint",
        "state": {
          "branch": null,
          "revision": "ce8ca6a6e7e4038235af3d7319a872e6b87e4137",
          "version": "0.59.0"
        }
      },
      {
        "package": "SwiftyTextTable",
        "repositoryURL": "https://github.com/scottrhoyt/SwiftyTextTable.git",
        "state": {
          "branch": null,
          "revision": "c6df6cf533d120716bff38f8ff9885e1ce2a4ac3",
          "version": "0.9.0"
        }
      },
      {
        "package": "SWXMLHash",
        "repositoryURL": "https://github.com/drmohundro/SWXMLHash.git",
        "state": {
          "branch": null,
          "revision": "a853604c9e9a83ad9954c7e3d2a565273982471f",
          "version": "7.0.2"
        }
      },
      {
        "package": "Yams",
        "repositoryURL": "https://github.com/jpsim/Yams.git",
        "state": {
          "branch": null,
          "revision": "b4b8042411dc7bbb696300a34a4bf3ba1b7ad19b",
          "version": "5.3.1"
        }
      }
    ]
  },
  "version": 1
}
